
Microsoft Visual Studio Solution File, Format Version 12.00
# Visual Studio 15
VisualStudioVersion = 15.0.28307.489
MinimumVisualStudioVersion = 10.0.40219.1
Project("{FAE04EC0-301F-11D3-BF4B-00C04F79EFBC}") = "SalesReport", "SalesReport\SalesReport.csproj", "{A76E83B9-E704-4591-A364-B013E7EB5956}"
EndProject
Project("{FAE04EC0-301F-11D3-BF4B-00C04F79EFBC}") = "SalesReportTest", "..\SalesReportTest\SalesReportTest.csproj", "{E33067E2-D329-4AFA-90A9-57613DAA9BD0}"
EndProject
Global
	GlobalSection(SolutionConfigurationPlatforms) = preSolution
		Debug|Any CPU = Debug|Any CPU
		Release|Any CPU = Release|Any CPU
	EndGlobalSection
	GlobalSection(ProjectConfigurationPlatforms) = postSolution
		{A76E83B9-E704-4591-A364-B013E7EB5956}.Debug|Any CPU.ActiveCfg = Debug|Any CPU
		{A76E83B9-E704-4591-A364-B013E7EB5956}.Debug|Any CPU.Build.0 = Debug|Any CPU
		{A76E83B9-E704-4591-A364-B013E7EB5956}.Release|Any CPU.ActiveCfg = Release|Any CPU
		{A76E83B9-E704-4591-A364-B013E7EB5956}.Release|Any CPU.Build.0 = Release|Any CPU
		{E33067E2-D329-4AFA-90A9-57613DAA9BD0}.Debug|Any CPU.ActiveCfg = Debug|Any CPU
		{E33067E2-D329-4AFA-90A9-57613DAA9BD0}.Debug|Any CPU.Build.0 = Debug|Any CPU
		{E33067E2-D329-4AFA-90A9-57613DAA9BD0}.Release|Any CPU.ActiveCfg = Release|Any CPU
		{E33067E2-D329-4AFA-90A9-57613DAA9BD0}.Release|Any CPU.Build.0 = Release|Any CPU
	EndGlobalSection
	GlobalSection(SolutionProperties) = preSolution
		HideSolutionNode = FALSE
	EndGlobalSection
	GlobalSection(ExtensibilityGlobals) = postSolution
		SolutionGuid = {1DF7236F-BD32-4061-B861-EB39BBE4FD0D}
	EndGlobalSection
EndGlobal
